
Microsoft Visual Studio Solution File, Format Version 12.00
# Visual Studio Version 17
VisualStudioVersion = 17.11.35312.102
MinimumVisualStudioVersion = 10.0.40219.1
Project("{9A19103F-16F7-4668-BE54-9A1E7A4F7556}") = "hello aon", "hello aon\hello aon.csproj", "{1463C151-6916-4178-B699-96457757D544}"
EndProject
Project("{9A19103F-16F7-4668-BE54-9A1E7A4F7556}") = "hello aon 1", "hello aon 2\hello aon 1.csproj", "{3D1EA406-7465-4827-9329-1E529620A4CA}"
EndProject
Global
	GlobalSection(SolutionConfigurationPlatforms) = preSolution
		Debug|Any CPU = Debug|Any CPU
		Release|Any CPU = Release|Any CPU
	EndGlobalSection
	GlobalSection(ProjectConfigurationPlatforms) = postSolution
		{1463C151-6916-4178-B699-96457757D544}.Debug|Any CPU.ActiveCfg = Debug|Any CPU
		{1463C151-6916-4178-B699-96457757D544}.Debug|Any CPU.Build.0 = Debug|Any CPU
		{1463C151-6916-4178-B699-96457757D544}.Release|Any CPU.ActiveCfg = Release|Any CPU
		{1463C151-6916-4178-B699-96457757D544}.Release|Any CPU.Build.0 = Release|Any CPU
		{3D1EA406-7465-4827-9329-1E529620A4CA}.Debug|Any CPU.ActiveCfg = Debug|Any CPU
		{3D1EA406-7465-4827-9329-1E529620A4CA}.Debug|Any CPU.Build.0 = Debug|Any CPU
		{3D1EA406-7465-4827-9329-1E529620A4CA}.Release|Any CPU.ActiveCfg = Release|Any CPU
		{3D1EA406-7465-4827-9329-1E529620A4CA}.Release|Any CPU.Build.0 = Release|Any CPU
	EndGlobalSection
	GlobalSection(SolutionProperties) = preSolution
		HideSolutionNode = FALSE
	EndGlobalSection
	GlobalSection(ExtensibilityGlobals) = postSolution
		SolutionGuid = {183074C7-949E-48C4-AFF2-3F68B26F9C33}
	EndGlobalSection
EndGlobal
